
Microsoft Visual Studio Solution File, Format Version 12.00
# Visual Studio Version 16
VisualStudioVersion = 16.0.30114.105
MinimumVisualStudioVersion = 10.0.40219.1
Project("{FAE04EC0-301F-11D3-BF4B-00C04F79EFBC}") = "BoolExParser.DomainTests", "BoolExParser.DomainTests\BoolExParser.DomainTests.csproj", "{921B51AB-82B1-4561-A400-A252F3AA5FE8}"
EndProject
Project("{FAE04EC0-301F-11D3-BF4B-00C04F79EFBC}") = "BoolExParser.Domain", "BoolExParser.Domain\BoolExParser.Domain.csproj", "{B9092F30-244A-4DB2-8BEE-164FFD36BF42}"
EndProject
Project("{FAE04EC0-301F-11D3-BF4B-00C04F79EFBC}") = "BoolExParser.ConsoleApp", "BoolExParser.ConsoleApp\BoolExParser.ConsoleApp.csproj", "{5756CA62-F03A-42B8-9EBC-973B25941B8E}"
EndProject
Global
	GlobalSection(SolutionConfigurationPlatforms) = preSolution
		Debug|Any CPU = Debug|Any CPU
		Release|Any CPU = Release|Any CPU
	EndGlobalSection
	GlobalSection(SolutionProperties) = preSolution
		HideSolutionNode = FALSE
	EndGlobalSection
	GlobalSection(ProjectConfigurationPlatforms) = postSolution
		{921B51AB-82B1-4561-A400-A252F3AA5FE8}.Debug|Any CPU.ActiveCfg = Debug|Any CPU
		{921B51AB-82B1-4561-A400-A252F3AA5FE8}.Debug|Any CPU.Build.0 = Debug|Any CPU
		{921B51AB-82B1-4561-A400-A252F3AA5FE8}.Release|Any CPU.ActiveCfg = Release|Any CPU
		{921B51AB-82B1-4561-A400-A252F3AA5FE8}.Release|Any CPU.Build.0 = Release|Any CPU
		{B9092F30-244A-4DB2-8BEE-164FFD36BF42}.Debug|Any CPU.ActiveCfg = Debug|Any CPU
		{B9092F30-244A-4DB2-8BEE-164FFD36BF42}.Debug|Any CPU.Build.0 = Debug|Any CPU
		{B9092F30-244A-4DB2-8BEE-164FFD36BF42}.Release|Any CPU.ActiveCfg = Release|Any CPU
		{B9092F30-244A-4DB2-8BEE-164FFD36BF42}.Release|Any CPU.Build.0 = Release|Any CPU
		{5756CA62-F03A-42B8-9EBC-973B25941B8E}.Debug|Any CPU.ActiveCfg = Debug|Any CPU
		{5756CA62-F03A-42B8-9EBC-973B25941B8E}.Debug|Any CPU.Build.0 = Debug|Any CPU
		{5756CA62-F03A-42B8-9EBC-973B25941B8E}.Release|Any CPU.ActiveCfg = Release|Any CPU
		{5756CA62-F03A-42B8-9EBC-973B25941B8E}.Release|Any CPU.Build.0 = Release|Any CPU
	EndGlobalSection
EndGlobal
