
Microsoft Visual Studio Solution File, Format Version 12.00
# Visual Studio Version 16
VisualStudioVersion = 16.0.30114.105
MinimumVisualStudioVersion = 10.0.40219.1
Project("{FAE04EC0-301F-11D3-BF4B-00C04F79EFBC}") = "FactoryMethodPattern.Tests", "FactoryMethodPattern.Tests\FactoryMethodPattern.Tests.csproj", "{5A28CD1C-CE12-4725-A4D0-29C41F93C041}"
EndProject
Project("{FAE04EC0-301F-11D3-BF4B-00C04F79EFBC}") = "FactoryMethodPattern.ConsoleApp", "FactoryMethodPattern.ConsoleApp\FactoryMethodPattern.ConsoleApp.csproj", "{EFF45287-5B1B-4567-94EA-49B661D64B3A}"
EndProject
Global
	GlobalSection(SolutionConfigurationPlatforms) = preSolution
		Debug|Any CPU = Debug|Any CPU
		Release|Any CPU = Release|Any CPU
	EndGlobalSection
	GlobalSection(SolutionProperties) = preSolution
		HideSolutionNode = FALSE
	EndGlobalSection
	GlobalSection(ProjectConfigurationPlatforms) = postSolution
		{5A28CD1C-CE12-4725-A4D0-29C41F93C041}.Debug|Any CPU.ActiveCfg = Debug|Any CPU
		{5A28CD1C-CE12-4725-A4D0-29C41F93C041}.Debug|Any CPU.Build.0 = Debug|Any CPU
		{5A28CD1C-CE12-4725-A4D0-29C41F93C041}.Release|Any CPU.ActiveCfg = Release|Any CPU
		{5A28CD1C-CE12-4725-A4D0-29C41F93C041}.Release|Any CPU.Build.0 = Release|Any CPU
		{EFF45287-5B1B-4567-94EA-49B661D64B3A}.Debug|Any CPU.ActiveCfg = Debug|Any CPU
		{EFF45287-5B1B-4567-94EA-49B661D64B3A}.Debug|Any CPU.Build.0 = Debug|Any CPU
		{EFF45287-5B1B-4567-94EA-49B661D64B3A}.Release|Any CPU.ActiveCfg = Release|Any CPU
		{EFF45287-5B1B-4567-94EA-49B661D64B3A}.Release|Any CPU.Build.0 = Release|Any CPU
	EndGlobalSection
EndGlobal
