
Microsoft Visual Studio Solution File, Format Version 12.00
# Visual Studio Version 16
VisualStudioVersion = 16.0.30114.105
MinimumVisualStudioVersion = 10.0.40219.1
Project("{FAE04EC0-301F-11D3-BF4B-00C04F79EFBC}") = "DecoratorPattern.ConsoleApp", "DecoratorPattern.ConsoleApp\DecoratorPattern.ConsoleApp.csproj", "{2E7B6DBC-D6D4-4113-9CCC-30850DEEB8B8}"
EndProject
Project("{FAE04EC0-301F-11D3-BF4B-00C04F79EFBC}") = "DecoratorPattern.Tests", "DecoratorPattern.Tests\DecoratorPattern.Tests.csproj", "{A53D8C6E-CEC5-4C30-A19E-6A8C2105B288}"
EndProject
Global
	GlobalSection(SolutionConfigurationPlatforms) = preSolution
		Debug|Any CPU = Debug|Any CPU
		Release|Any CPU = Release|Any CPU
	EndGlobalSection
	GlobalSection(SolutionProperties) = preSolution
		HideSolutionNode = FALSE
	EndGlobalSection
	GlobalSection(ProjectConfigurationPlatforms) = postSolution
		{2E7B6DBC-D6D4-4113-9CCC-30850DEEB8B8}.Debug|Any CPU.ActiveCfg = Debug|Any CPU
		{2E7B6DBC-D6D4-4113-9CCC-30850DEEB8B8}.Debug|Any CPU.Build.0 = Debug|Any CPU
		{2E7B6DBC-D6D4-4113-9CCC-30850DEEB8B8}.Release|Any CPU.ActiveCfg = Release|Any CPU
		{2E7B6DBC-D6D4-4113-9CCC-30850DEEB8B8}.Release|Any CPU.Build.0 = Release|Any CPU
		{A53D8C6E-CEC5-4C30-A19E-6A8C2105B288}.Debug|Any CPU.ActiveCfg = Debug|Any CPU
		{A53D8C6E-CEC5-4C30-A19E-6A8C2105B288}.Debug|Any CPU.Build.0 = Debug|Any CPU
		{A53D8C6E-CEC5-4C30-A19E-6A8C2105B288}.Release|Any CPU.ActiveCfg = Release|Any CPU
		{A53D8C6E-CEC5-4C30-A19E-6A8C2105B288}.Release|Any CPU.Build.0 = Release|Any CPU
	EndGlobalSection
EndGlobal
