
Microsoft Visual Studio Solution File, Format Version 12.00
# Visual Studio Version 16
VisualStudioVersion = 16.0.30114.105
MinimumVisualStudioVersion = 10.0.40219.1
Project("{FAE04EC0-301F-11D3-BF4B-00C04F79EFBC}") = "HomeAutomationInc.ConsoleApp", "HomeAutomationInc.ConsoleApp\HomeAutomationInc.ConsoleApp.csproj", "{48B1C7FE-0A67-4EEB-9364-07CF84CDE9F8}"
EndProject
Project("{FAE04EC0-301F-11D3-BF4B-00C04F79EFBC}") = "HomeAutomationInc.Tests", "HomeAutomationInc.Tests\HomeAutomationInc.Tests.csproj", "{B375B494-3DDF-45D1-BBC2-6ABE95BAE237}"
EndProject
Global
	GlobalSection(SolutionConfigurationPlatforms) = preSolution
		Debug|Any CPU = Debug|Any CPU
		Release|Any CPU = Release|Any CPU
	EndGlobalSection
	GlobalSection(SolutionProperties) = preSolution
		HideSolutionNode = FALSE
	EndGlobalSection
	GlobalSection(ProjectConfigurationPlatforms) = postSolution
		{48B1C7FE-0A67-4EEB-9364-07CF84CDE9F8}.Debug|Any CPU.ActiveCfg = Debug|Any CPU
		{48B1C7FE-0A67-4EEB-9364-07CF84CDE9F8}.Debug|Any CPU.Build.0 = Debug|Any CPU
		{48B1C7FE-0A67-4EEB-9364-07CF84CDE9F8}.Release|Any CPU.ActiveCfg = Release|Any CPU
		{48B1C7FE-0A67-4EEB-9364-07CF84CDE9F8}.Release|Any CPU.Build.0 = Release|Any CPU
		{B375B494-3DDF-45D1-BBC2-6ABE95BAE237}.Debug|Any CPU.ActiveCfg = Debug|Any CPU
		{B375B494-3DDF-45D1-BBC2-6ABE95BAE237}.Debug|Any CPU.Build.0 = Debug|Any CPU
		{B375B494-3DDF-45D1-BBC2-6ABE95BAE237}.Release|Any CPU.ActiveCfg = Release|Any CPU
		{B375B494-3DDF-45D1-BBC2-6ABE95BAE237}.Release|Any CPU.Build.0 = Release|Any CPU
	EndGlobalSection
EndGlobal
