
Microsoft Visual Studio Solution File, Format Version 12.00
# Visual Studio Version 16
VisualStudioVersion = 16.0.30114.105
MinimumVisualStudioVersion = 10.0.40219.1
Project("{FAE04EC0-301F-11D3-BF4B-00C04F79EFBC}") = "MightyGumball.Domain", "MightyGumball.Domain\MightyGumball.Domain.csproj", "{8EFF93AB-0999-4C1F-A68B-B7A0BB7BAD0D}"
EndProject
Project("{FAE04EC0-301F-11D3-BF4B-00C04F79EFBC}") = "MightyGumball.DomainTests", "MightyGumball.DomainTests\MightyGumball.DomainTests.csproj", "{A525492F-D58D-4D8D-8DAA-0BDB6022800D}"
EndProject
Global
	GlobalSection(SolutionConfigurationPlatforms) = preSolution
		Debug|Any CPU = Debug|Any CPU
		Release|Any CPU = Release|Any CPU
	EndGlobalSection
	GlobalSection(SolutionProperties) = preSolution
		HideSolutionNode = FALSE
	EndGlobalSection
	GlobalSection(ProjectConfigurationPlatforms) = postSolution
		{8EFF93AB-0999-4C1F-A68B-B7A0BB7BAD0D}.Debug|Any CPU.ActiveCfg = Debug|Any CPU
		{8EFF93AB-0999-4C1F-A68B-B7A0BB7BAD0D}.Debug|Any CPU.Build.0 = Debug|Any CPU
		{8EFF93AB-0999-4C1F-A68B-B7A0BB7BAD0D}.Release|Any CPU.ActiveCfg = Release|Any CPU
		{8EFF93AB-0999-4C1F-A68B-B7A0BB7BAD0D}.Release|Any CPU.Build.0 = Release|Any CPU
		{A525492F-D58D-4D8D-8DAA-0BDB6022800D}.Debug|Any CPU.ActiveCfg = Debug|Any CPU
		{A525492F-D58D-4D8D-8DAA-0BDB6022800D}.Debug|Any CPU.Build.0 = Debug|Any CPU
		{A525492F-D58D-4D8D-8DAA-0BDB6022800D}.Release|Any CPU.ActiveCfg = Release|Any CPU
		{A525492F-D58D-4D8D-8DAA-0BDB6022800D}.Release|Any CPU.Build.0 = Release|Any CPU
	EndGlobalSection
EndGlobal
