
Microsoft Visual Studio Solution File, Format Version 12.00
# Visual Studio Version 16
VisualStudioVersion = 16.0.30114.105
MinimumVisualStudioVersion = 10.0.40219.1
Project("{FAE04EC0-301F-11D3-BF4B-00C04F79EFBC}") = "DuckAdapter.ConsoleApp", "DuckAdapter.ConsoleApp\DuckAdapter.ConsoleApp.csproj", "{34A37635-1F14-417C-86D3-95D76B449B94}"
EndProject
Project("{FAE04EC0-301F-11D3-BF4B-00C04F79EFBC}") = "DuckAdapter.Tests", "DuckAdapter.Tests\DuckAdapter.Tests.csproj", "{53DD9B9F-8351-4DD5-BCF1-823F6F9CB5D0}"
EndProject
Global
	GlobalSection(SolutionConfigurationPlatforms) = preSolution
		Debug|Any CPU = Debug|Any CPU
		Release|Any CPU = Release|Any CPU
	EndGlobalSection
	GlobalSection(SolutionProperties) = preSolution
		HideSolutionNode = FALSE
	EndGlobalSection
	GlobalSection(ProjectConfigurationPlatforms) = postSolution
		{34A37635-1F14-417C-86D3-95D76B449B94}.Debug|Any CPU.ActiveCfg = Debug|Any CPU
		{34A37635-1F14-417C-86D3-95D76B449B94}.Debug|Any CPU.Build.0 = Debug|Any CPU
		{34A37635-1F14-417C-86D3-95D76B449B94}.Release|Any CPU.ActiveCfg = Release|Any CPU
		{34A37635-1F14-417C-86D3-95D76B449B94}.Release|Any CPU.Build.0 = Release|Any CPU
		{53DD9B9F-8351-4DD5-BCF1-823F6F9CB5D0}.Debug|Any CPU.ActiveCfg = Debug|Any CPU
		{53DD9B9F-8351-4DD5-BCF1-823F6F9CB5D0}.Debug|Any CPU.Build.0 = Debug|Any CPU
		{53DD9B9F-8351-4DD5-BCF1-823F6F9CB5D0}.Release|Any CPU.ActiveCfg = Release|Any CPU
		{53DD9B9F-8351-4DD5-BCF1-823F6F9CB5D0}.Release|Any CPU.Build.0 = Release|Any CPU
	EndGlobalSection
EndGlobal
