
Microsoft Visual Studio Solution File, Format Version 12.00
# Visual Studio Version 16
VisualStudioVersion = 16.0.30114.105
MinimumVisualStudioVersion = 10.0.40219.1
Project("{FAE04EC0-301F-11D3-BF4B-00C04F79EFBC}") = "CompositePattern.Tests", "CompositePattern.Tests\CompositePattern.Tests.csproj", "{AD8DE736-14FD-4CA5-850B-AE7995FAB5BE}"
EndProject
Project("{FAE04EC0-301F-11D3-BF4B-00C04F79EFBC}") = "CompositePattern.Console", "CompositePattern.Console\CompositePattern.Console.csproj", "{2D65BBE8-94CE-4E87-A76E-8FA93FC00EEA}"
EndProject
Global
	GlobalSection(SolutionConfigurationPlatforms) = preSolution
		Debug|Any CPU = Debug|Any CPU
		Release|Any CPU = Release|Any CPU
	EndGlobalSection
	GlobalSection(SolutionProperties) = preSolution
		HideSolutionNode = FALSE
	EndGlobalSection
	GlobalSection(ProjectConfigurationPlatforms) = postSolution
		{AD8DE736-14FD-4CA5-850B-AE7995FAB5BE}.Debug|Any CPU.ActiveCfg = Debug|Any CPU
		{AD8DE736-14FD-4CA5-850B-AE7995FAB5BE}.Debug|Any CPU.Build.0 = Debug|Any CPU
		{AD8DE736-14FD-4CA5-850B-AE7995FAB5BE}.Release|Any CPU.ActiveCfg = Release|Any CPU
		{AD8DE736-14FD-4CA5-850B-AE7995FAB5BE}.Release|Any CPU.Build.0 = Release|Any CPU
		{2D65BBE8-94CE-4E87-A76E-8FA93FC00EEA}.Debug|Any CPU.ActiveCfg = Debug|Any CPU
		{2D65BBE8-94CE-4E87-A76E-8FA93FC00EEA}.Debug|Any CPU.Build.0 = Debug|Any CPU
		{2D65BBE8-94CE-4E87-A76E-8FA93FC00EEA}.Release|Any CPU.ActiveCfg = Release|Any CPU
		{2D65BBE8-94CE-4E87-A76E-8FA93FC00EEA}.Release|Any CPU.Build.0 = Release|Any CPU
	EndGlobalSection
EndGlobal
