
Microsoft Visual Studio Solution File, Format Version 12.00
# Visual Studio Version 16
VisualStudioVersion = 16.0.30114.105
MinimumVisualStudioVersion = 10.0.40219.1
Project("{FAE04EC0-301F-11D3-BF4B-00C04F79EFBC}") = "PrototypePattern.Console", "PrototypePattern.Console\PrototypePattern.Console.csproj", "{3EF57304-3EBE-4466-A5A0-0F37D0276279}"
EndProject
Project("{FAE04EC0-301F-11D3-BF4B-00C04F79EFBC}") = "PrototypePattern.Tests", "PrototypePattern.Tests\PrototypePattern.Tests.csproj", "{815A93E5-FDEF-4977-A35D-4B276E306B43}"
EndProject
Global
	GlobalSection(SolutionConfigurationPlatforms) = preSolution
		Debug|Any CPU = Debug|Any CPU
		Release|Any CPU = Release|Any CPU
	EndGlobalSection
	GlobalSection(SolutionProperties) = preSolution
		HideSolutionNode = FALSE
	EndGlobalSection
	GlobalSection(ProjectConfigurationPlatforms) = postSolution
		{3EF57304-3EBE-4466-A5A0-0F37D0276279}.Debug|Any CPU.ActiveCfg = Debug|Any CPU
		{3EF57304-3EBE-4466-A5A0-0F37D0276279}.Debug|Any CPU.Build.0 = Debug|Any CPU
		{3EF57304-3EBE-4466-A5A0-0F37D0276279}.Release|Any CPU.ActiveCfg = Release|Any CPU
		{3EF57304-3EBE-4466-A5A0-0F37D0276279}.Release|Any CPU.Build.0 = Release|Any CPU
		{815A93E5-FDEF-4977-A35D-4B276E306B43}.Debug|Any CPU.ActiveCfg = Debug|Any CPU
		{815A93E5-FDEF-4977-A35D-4B276E306B43}.Debug|Any CPU.Build.0 = Debug|Any CPU
		{815A93E5-FDEF-4977-A35D-4B276E306B43}.Release|Any CPU.ActiveCfg = Release|Any CPU
		{815A93E5-FDEF-4977-A35D-4B276E306B43}.Release|Any CPU.Build.0 = Release|Any CPU
	EndGlobalSection
EndGlobal
